// !$*UTF8*$!
{
	archiveVersion = 1;
	classes = {
	};
	objectVersion = 56;
	objects = {

/* Begin PBXBuildFile section */
		A0F0D82E2969741B006CE6AA /* AppDelegate.swift in Sources */ = {isa = PBXBuildFile; fileRef = A0F0D82D2969741B006CE6AA /* AppDelegate.swift */; };
		A0F0D8302969741B006CE6AA /* SceneDelegate.swift in Sources */ = {isa = PBXBuildFile; fileRef = A0F0D82F2969741B006CE6AA /* SceneDelegate.swift */; };
		A0F0D8322969741B006CE6AA /* ViewController.swift in Sources */ = {isa = PBXBuildFile; fileRef = A0F0D8312969741B006CE6AA /* ViewController.swift */; };
		A0F0D8352969741B006CE6AA /* Main.storyboard in Resources */ = {isa = PBXBuildFile; fileRef = A0F0D8332969741B006CE6AA /* Main.storyboard */; };
		A0F0D8372969741D006CE6AA /* Assets.xcassets in Resources */ = {isa = PBXBuildFile; fileRef = A0F0D8362969741D006CE6AA /* Assets.xcassets */; };
		A0F0D83A2969741D006CE6AA /* LaunchScreen.storyboard in Resources */ = {isa = PBXBuildFile; fileRef = A0F0D8382969741D006CE6AA /* LaunchScreen.storyboard */; };
		C2121A6BDF836B9A71AB0A3B /* Pods_RxSwift_Pagination.framework in Frameworks */ = {isa = PBXBuildFile; fileRef = 61827D380C456C84B5C1AFF2 /* Pods_RxSwift_Pagination.framework */; };
/* End PBXBuildFile section */

/* Begin PBXFileReference section */
		61827D380C456C84B5C1AFF2 /* Pods_RxSwift_Pagination.framework */ = {isa = PBXFileReference; explicitFileType = wrapper.framework; includeInIndex = 0; path = Pods_RxSwift_Pagination.framework; sourceTree = BUILT_PRODUCTS_DIR; };
		A0F0D82A2969741B006CE6AA /* RxSwift-Pagination.app */ = {isa = PBXFileReference; explicitFileType = wrapper.application; includeInIndex = 0; path = "RxSwift-Pagination.app"; sourceTree = BUILT_PRODUCTS_DIR; };
		A0F0D82D2969741B006CE6AA /* AppDelegate.swift */ = {isa = PBXFileReference; lastKnownFileType = sourcecode.swift; path = AppDelegate.swift; sourceTree = "<group>"; };
		A0F0D82F2969741B006CE6AA /* SceneDelegate.swift */ = {isa = PBXFileReference; lastKnownFileType = sourcecode.swift; path = SceneDelegate.swift; sourceTree = "<group>"; };
		A0F0D8312969741B006CE6AA /* ViewController.swift */ = {isa = PBXFileReference; lastKnownFileType = sourcecode.swift; path = ViewController.swift; sourceTree = "<group>"; };
		A0F0D8342969741B006CE6AA /* Base */ = {isa = PBXFileReference; lastKnownFileType = file.storyboard; name = Base; path = Base.lproj/Main.storyboard; sourceTree = "<group>"; };
		A0F0D8362969741D006CE6AA /* Assets.xcassets */ = {isa = PBXFileReference; lastKnownFileType = folder.assetcatalog; path = Assets.xcassets; sourceTree = "<group>"; };
		A0F0D8392969741D006CE6AA /* Base */ = {isa = PBXFileReference; lastKnownFileType = file.storyboard; name = Base; path = Base.lproj/LaunchScreen.storyboard; sourceTree = "<group>"; };
		A0F0D83B2969741D006CE6AA /* Info.plist */ = {isa = PBXFileReference; lastKnownFileType = text.plist.xml; path = Info.plist; sourceTree = "<group>"; };
		D04D4ADDCC7FA109DE5EA463 /* Pods-RxSwift-Pagination.release.xcconfig */ = {isa = PBXFileReference; includeInIndex = 1; lastKnownFileType = text.xcconfig; name = "Pods-RxSwift-Pagination.release.xcconfig"; path = "Target Support Files/Pods-RxSwift-Pagination/Pods-RxSwift-Pagination.release.xcconfig"; sourceTree = "<group>"; };
		F1125DCE0CA80EE0D01464CC /* Pods-RxSwift-Pagination.debug.xcconfig */ = {isa = PBXFileReference; includeInIndex = 1; lastKnownFileType = text.xcconfig; name = "Pods-RxSwift-Pagination.debug.xcconfig"; path = "Target Support Files/Pods-RxSwift-Pagination/Pods-RxSwift-Pagination.debug.xcconfig"; sourceTree = "<group>"; };
/* End PBXFileReference section */

/* Begin PBXFrameworksBuildPhase section */
		A0F0D8272969741B006CE6AA /* Frameworks */ = {
			isa = PBXFrameworksBuildPhase;
			buildActionMask = 2147483647;
			files = (
				C2121A6BDF836B9A71AB0A3B /* Pods_RxSwift_Pagination.framework in Frameworks */,
			);
			runOnlyForDeploymentPostprocessing = 0;
		};
/* End PBXFrameworksBuildPhase section */

/* Begin PBXGroup section */
		27BC2C67F6D1875305A243A4 /* Pods */ = {
			isa = PBXGroup;
			children = (
				F1125DCE0CA80EE0D01464CC /* Pods-RxSwift-Pagination.debug.xcconfig */,
				D04D4ADDCC7FA109DE5EA463 /* Pods-RxSwift-Pagination.release.xcconfig */,
			);
			name = Pods;
			path = Pods;
			sourceTree = "<group>";
		};
		A0F0D8212969741B006CE6AA = {
			isa = PBXGroup;
			children = (
				A0F0D82C2969741B006CE6AA /* RxSwift-Pagination */,
				A0F0D82B2969741B006CE6AA /* Products */,
				27BC2C67F6D1875305A243A4 /* Pods */,
				AAB6675DCAEE09D54E016D68 /* Frameworks */,
			);
			sourceTree = "<group>";
		};
		A0F0D82B2969741B006CE6AA /* Products */ = {
			isa = PBXGroup;
			children = (
				A0F0D82A2969741B006CE6AA /* RxSwift-Pagination.app */,
			);
			name = Products;
			sourceTree = "<group>";
		};
		A0F0D82C2969741B006CE6AA /* RxSwift-Pagination */ = {
			isa = PBXGroup;
			children = (
				A0F0D82D2969741B006CE6AA /* AppDelegate.swift */,
				A0F0D82F2969741B006CE6AA /* SceneDelegate.swift */,
				A0F0D8312969741B006CE6AA /* ViewController.swift */,
				A0F0D8332969741B006CE6AA /* Main.storyboard */,
				A0F0D8362969741D006CE6AA /* Assets.xcassets */,
				A0F0D8382969741D006CE6AA /* LaunchScreen.storyboard */,
				A0F0D83B2969741D006CE6AA /* Info.plist */,
			);
			path = "RxSwift-Pagination";
			sourceTree = "<group>";
		};
		AAB6675DCAEE09D54E016D68 /* Frameworks */ = {
			isa = PBXGroup;
			children = (
				61827D380C456C84B5C1AFF2 /* Pods_RxSwift_Pagination.framework */,
			);
			name = Frameworks;
			sourceTree = "<group>";
		};
/* End PBXGroup section */

/* Begin PBXNativeTarget section */
		A0F0D8292969741B006CE6AA /* RxSwift-Pagination */ = {
			isa = PBXNativeTarget;
			buildConfigurationList = A0F0D83E2969741D006CE6AA /* Build configuration list for PBXNativeTarget "RxSwift-Pagination" */;
			buildPhases = (
				2C8674383521081F4418D39D /* [CP] Check Pods Manifest.lock */,
				A0F0D8262969741B006CE6AA /* Sources */,
				A0F0D8272969741B006CE6AA /* Frameworks */,
				A0F0D8282969741B006CE6AA /* Resources */,
				0DF16F588A5C1C74246E8AD0 /* [CP] Embed Pods Frameworks */,
			);
			buildRules = (
			);
			dependencies = (
			);
			name = "RxSwift-Pagination";
			productName = "RxSwift-Pagination";
			productReference = A0F0D82A2969741B006CE6AA /* RxSwift-Pagination.app */;
			productType = "com.apple.product-type.application";
		};
/* End PBXNativeTarget section */

/* Begin PBXProject section */
		A0F0D8222969741B006CE6AA /* Project object */ = {
			isa = PBXProject;
			attributes = {
				BuildIndependentTargetsInParallel = 1;
				LastSwiftUpdateCheck = 1420;
				LastUpgradeCheck = 1420;
				TargetAttributes = {
					A0F0D8292969741B006CE6AA = {
						CreatedOnToolsVersion = 14.2;
					};
				};
			};
			buildConfigurationList = A0F0D8252969741B006CE6AA /* Build configuration list for PBXProject "RxSwift-Pagination" */;
			compatibilityVersion = "Xcode 14.0";
			developmentRegion = en;
			hasScannedForEncodings = 0;
			knownRegions = (
				en,
				Base,
			);
			mainGroup = A0F0D8212969741B006CE6AA;
			productRefGroup = A0F0D82B2969741B006CE6AA /* Products */;
			projectDirPath = "";
			projectRoot = "";
			targets = (
				A0F0D8292969741B006CE6AA /* RxSwift-Pagination */,
			);
		};
/* End PBXProject section */

/* Begin PBXResourcesBuildPhase section */
		A0F0D8282969741B006CE6AA /* Resources */ = {
			isa = PBXResourcesBuildPhase;
			buildActionMask = 2147483647;
			files = (
				A0F0D83A2969741D006CE6AA /* LaunchScreen.storyboard in Resources */,
				A0F0D8372969741D006CE6AA /* Assets.xcassets in Resources */,
				A0F0D8352969741B006CE6AA /* Main.storyboard in Resources */,
			);
			runOnlyForDeploymentPostprocessing = 0;
		};
/* End PBXResourcesBuildPhase section */

/* Begin PBXShellScriptBuildPhase section */
		0DF16F588A5C1C74246E8AD0 /* [CP] Embed Pods Frameworks */ = {
			isa = PBXShellScriptBuildPhase;
			buildActionMask = 2147483647;
			files = (
			);
			inputFileListPaths = (
				"${PODS_ROOT}/Target Support Files/Pods-RxSwift-Pagination/Pods-RxSwift-Pagination-frameworks-${CONFIGURATION}-input-files.xcfilelist",
			);
			name = "[CP] Embed Pods Frameworks";
			outputFileListPaths = (
				"${PODS_ROOT}/Target Support Files/Pods-RxSwift-Pagination/Pods-RxSwift-Pagination-frameworks-${CONFIGURATION}-output-files.xcfilelist",
			);
			runOnlyForDeploymentPostprocessing = 0;
			shellPath = /bin/sh;
			shellScript = "\"${PODS_ROOT}/Target Support Files/Pods-RxSwift-Pagination/Pods-RxSwift-Pagination-frameworks.sh\"\n";
			showEnvVarsInLog = 0;
		};
		2C8674383521081F4418D39D /* [CP] Check Pods Manifest.lock */ = {
			isa = PBXShellScriptBuildPhase;
			buildActionMask = 2147483647;
			files = (
			);
			inputFileListPaths = (
			);
			inputPaths = (
				"${PODS_PODFILE_DIR_PATH}/Podfile.lock",
				"${PODS_ROOT}/Manifest.lock",
			);
			name = "[CP] Check Pods Manifest.lock";
			outputFileListPaths = (
			);
			outputPaths = (
				"$(DERIVED_FILE_DIR)/Pods-RxSwift-Pagination-checkManifestLockResult.txt",
			);
			runOnlyForDeploymentPostprocessing = 0;
			shellPath = /bin/sh;
			shellScript = "diff \"${PODS_PODFILE_DIR_PATH}/Podfile.lock\" \"${PODS_ROOT}/Manifest.lock\" > /dev/null\nif [ $? != 0 ] ; then\n    # print error to STDERR\n    echo \"error: The sandbox is not in sync with the Podfile.lock. Run 'pod install' or update your CocoaPods installation.\" >&2\n    exit 1\nfi\n# This output is used by Xcode 'outputs' to avoid re-running this script phase.\necho \"SUCCESS\" > \"${SCRIPT_OUTPUT_FILE_0}\"\n";
			showEnvVarsInLog = 0;
		};
/* End PBXShellScriptBuildPhase section */

/* Begin PBXSourcesBuildPhase section */
		A0F0D8262969741B006CE6AA /* Sources */ = {
			isa = PBXSourcesBuildPhase;
			buildActionMask = 2147483647;
			files = (
				A0F0D8322969741B006CE6AA /* ViewController.swift in Sources */,
				A0F0D82E2969741B006CE6AA /* AppDelegate.swift in Sources */,
				A0F0D8302969741B006CE6AA /* SceneDelegate.swift in Sources */,
			);
			runOnlyForDeploymentPostprocessing = 0;
		};
/* End PBXSourcesBuildPhase section */

/* Begin PBXVariantGroup section */
		A0F0D8332969741B006CE6AA /* Main.storyboard */ = {
			isa = PBXVariantGroup;
			children = (
				A0F0D8342969741B006CE6AA /* Base */,
			);
			name = Main.storyboard;
			sourceTree = "<group>";
		};
		A0F0D8382969741D006CE6AA /* LaunchScreen.storyboard */ = {
			isa = PBXVariantGroup;
			children = (
				A0F0D8392969741D006CE6AA /* Base */,
			);
			name = LaunchScreen.storyboard;
			sourceTree = "<group>";
		};
/* End PBXVariantGroup section */

/* Begin XCBuildConfiguration section */
		A0F0D83C2969741D006CE6AA /* Debug */ = {
			isa = XCBuildConfiguration;
			buildSettings = {
				ALWAYS_SEARCH_USER_PATHS = NO;
				CLANG_ANALYZER_NONNULL = YES;
				CLANG_ANALYZER_NUMBER_OBJECT_CONVERSION = YES_AGGRESSIVE;
				CLANG_CXX_LANGUAGE_STANDARD = "gnu++20";
				CLANG_ENABLE_MODULES = YES;
				CLANG_ENABLE_OBJC_ARC = YES;
				CLANG_ENABLE_OBJC_WEAK = YES;
				CLANG_WARN_BLOCK_CAPTURE_AUTORELEASING = YES;
				CLANG_WARN_BOOL_CONVERSION = YES;
				CLANG_WARN_COMMA = YES;
				CLANG_WARN_CONSTANT_CONVERSION = YES;
				CLANG_WARN_DEPRECATED_OBJC_IMPLEMENTATIONS = YES;
				CLANG_WARN_DIRECT_OBJC_ISA_USAGE = YES_ERROR;
				CLANG_WARN_DOCUMENTATION_COMMENTS = YES;
				CLANG_WARN_EMPTY_BODY = YES;
				CLANG_WARN_ENUM_CONVERSION = YES;
				CLANG_WARN_INFINITE_RECURSION = YES;
				CLANG_WARN_INT_CONVERSION = YES;
				CLANG_WARN_NON_LITERAL_NULL_CONVERSION = YES;
				CLANG_WARN_OBJC_IMPLICIT_RETAIN_SELF = YES;
				CLANG_WARN_OBJC_LITERAL_CONVERSION = YES;
				CLANG_WARN_OBJC_ROOT_CLASS = YES_ERROR;
				CLANG_WARN_QUOTED_INCLUDE_IN_FRAMEWORK_HEADER = YES;
				CLANG_WARN_RANGE_LOOP_ANALYSIS = YES;
				CLANG_WARN_STRICT_PROTOTYPES = YES;
				CLANG_WARN_SUSPICIOUS_MOVE = YES;
				CLANG_WARN_UNGUARDED_AVAILABILITY = YES_AGGRESSIVE;
				CLANG_WARN_UNREACHABLE_CODE = YES;
				CLANG_WARN__DUPLICATE_METHOD_MATCH = YES;
				COPY_PHASE_STRIP = NO;
				DEBUG_INFORMATION_FORMAT = dwarf;
				ENABLE_STRICT_OBJC_MSGSEND = YES;
				ENABLE_TESTABILITY = YES;
				GCC_C_LANGUAGE_STANDARD = gnu11;
				GCC_DYNAMIC_NO_PIC = NO;
				GCC_NO_COMMON_BLOCKS = YES;
				GCC_OPTIMIZATION_LEVEL = 0;
				GCC_PREPROCESSOR_DEFINITIONS = (
					"DEBUG=1",
					"$(inherited)",
				);
				GCC_WARN_64_TO_32_BIT_CONVERSION = YES;
				GCC_WARN_ABOUT_RETURN_TYPE = YES_ERROR;
				GCC_WARN_UNDECLARED_SELECTOR = YES;
				GCC_WARN_UNINITIALIZED_AUTOS = YES_AGGRESSIVE;
				GCC_WARN_UNUSED_FUNCTION = YES;
				GCC_WARN_UNUSED_VARIABLE = YES;
				IPHONEOS_DEPLOYMENT_TARGET = 16.2;
				MTL_ENABLE_DEBUG_INFO = INCLUDE_SOURCE;
				MTL_FAST_MATH = YES;
				ONLY_ACTIVE_ARCH = YES;
				SDKROOT = iphoneos;
				SWIFT_ACTIVE_COMPILATION_CONDITIONS = DEBUG;
				SWIFT_OPTIMIZATION_LEVEL = "-Onone";
			};
			name = Debug;
		};
		A0F0D83D2969741D006CE6AA /* Release */ = {
			isa = XCBuildConfiguration;
			buildSettings = {
				ALWAYS_SEARCH_USER_PATHS = NO;
				CLANG_ANALYZER_NONNULL = YES;
				CLANG_ANALYZER_NUMBER_OBJECT_CONVERSION = YES_AGGRESSIVE;
				CLANG_CXX_LANGUAGE_STANDARD = "gnu++20";
				CLANG_ENABLE_MODULES = YES;
				CLANG_ENABLE_OBJC_ARC = YES;
				CLANG_ENABLE_OBJC_WEAK = YES;
				CLANG_WARN_BLOCK_CAPTURE_AUTORELEASING = YES;
				CLANG_WARN_BOOL_CONVERSION = YES;
				CLANG_WARN_COMMA = YES;
				CLANG_WARN_CONSTANT_CONVERSION = YES;
				CLANG_WARN_DEPRECATED_OBJC_IMPLEMENTATIONS = YES;
				CLANG_WARN_DIRECT_OBJC_ISA_USAGE = YES_ERROR;
				CLANG_WARN_DOCUMENTATION_COMMENTS = YES;
				CLANG_WARN_EMPTY_BODY = YES;
				CLANG_WARN_ENUM_CONVERSION = YES;
				CLANG_WARN_INFINITE_RECURSION = YES;
				CLANG_WARN_INT_CONVERSION = YES;
				CLANG_WARN_NON_LITERAL_NULL_CONVERSION = YES;
				CLANG_WARN_OBJC_IMPLICIT_RETAIN_SELF = YES;
				CLANG_WARN_OBJC_LITERAL_CONVERSION = YES;
				CLANG_WARN_OBJC_ROOT_CLASS = YES_ERROR;
				CLANG_WARN_QUOTED_INCLUDE_IN_FRAMEWORK_HEADER = YES;
				CLANG_WARN_RANGE_LOOP_ANALYSIS = YES;
				CLANG_WARN_STRICT_PROTOTYPES = YES;
				CLANG_WARN_SUSPICIOUS_MOVE = YES;
				CLANG_WARN_UNGUARDED_AVAILABILITY = YES_AGGRESSIVE;
				CLANG_WARN_UNREACHABLE_CODE = YES;
				CLANG_WARN__DUPLICATE_METHOD_MATCH = YES;
				COPY_PHASE_STRIP = NO;
				DEBUG_INFORMATION_FORMAT = "dwarf-with-dsym";
				ENABLE_NS_ASSERTIONS = NO;
				ENABLE_STRICT_OBJC_MSGSEND = YES;
				GCC_C_LANGUAGE_STANDARD = gnu11;
				GCC_NO_COMMON_BLOCKS = YES;
				GCC_WARN_64_TO_32_BIT_CONVERSION = YES;
				GCC_WARN_ABOUT_RETURN_TYPE = YES_ERROR;
				GCC_WARN_UNDECLARED_SELECTOR = YES;
				GCC_WARN_UNINITIALIZED_AUTOS = YES_AGGRESSIVE;
				GCC_WARN_UNUSED_FUNCTION = YES;
				GCC_WARN_UNUSED_VARIABLE = YES;
				IPHONEOS_DEPLOYMENT_TARGET = 16.2;
				MTL_ENABLE_DEBUG_INFO = NO;
				MTL_FAST_MATH = YES;
				SDKROOT = iphoneos;
				SWIFT_COMPILATION_MODE = wholemodule;
				SWIFT_OPTIMIZATION_LEVEL = "-O";
				VALIDATE_PRODUCT = YES;
			};
			name = Release;
		};
		A0F0D83F2969741D006CE6AA /* Debug */ = {
			isa = XCBuildConfiguration;
			baseConfigurationReference = F1125DCE0CA80EE0D01464CC /* Pods-RxSwift-Pagination.debug.xcconfig */;
			buildSettings = {
				ASSETCATALOG_COMPILER_APPICON_NAME = AppIcon;
				ASSETCATALOG_COMPILER_GLOBAL_ACCENT_COLOR_NAME = AccentColor;
				CODE_SIGN_STYLE = Automatic;
				CURRENT_PROJECT_VERSION = 1;
				DEVELOPMENT_TEAM = 9T34C2V38R;
				GENERATE_INFOPLIST_FILE = YES;
				INFOPLIST_FILE = "RxSwift-Pagination/Info.plist";
				INFOPLIST_KEY_UIApplicationSupportsIndirectInputEvents = YES;
				INFOPLIST_KEY_UILaunchStoryboardName = LaunchScreen;
				INFOPLIST_KEY_UIMainStoryboardFile = Main;
				INFOPLIST_KEY_UISupportedInterfaceOrientations_iPad = "UIInterfaceOrientationPortrait UIInterfaceOrientationPortraitUpsideDown UIInterfaceOrientationLandscapeLeft UIInterfaceOrientationLandscapeRight";
				INFOPLIST_KEY_UISupportedInterfaceOrientations_iPhone = "UIInterfaceOrientationPortrait UIInterfaceOrientationLandscapeLeft UIInterfaceOrientationLandscapeRight";
				LD_RUNPATH_SEARCH_PATHS = (
					"$(inherited)",
					"@executable_path/Frameworks",
				);
				MARKETING_VERSION = 1.0;
				PRODUCT_BUNDLE_IDENTIFIER = "com.iosmandroid.pagination.RxSwift-Pagination";
				PRODUCT_NAME = "$(TARGET_NAME)";
				SWIFT_EMIT_LOC_STRINGS = YES;
				SWIFT_VERSION = 5.0;
				TARGETED_DEVICE_FAMILY = "1,2";
			};
			name = Debug;
		};
		A0F0D8402969741D006CE6AA /* Release */ = {
			isa = XCBuildConfiguration;
			baseConfigurationReference = D04D4ADDCC7FA109DE5EA463 /* Pods-RxSwift-Pagination.release.xcconfig */;
			buildSettings = {
				ASSETCATALOG_COMPILER_APPICON_NAME = AppIcon;
				ASSETCATALOG_COMPILER_GLOBAL_ACCENT_COLOR_NAME = AccentColor;
				CODE_SIGN_STYLE = Automatic;
				CURRENT_PROJECT_VERSION = 1;
				DEVELOPMENT_TEAM = 9T34C2V38R;
				GENERATE_INFOPLIST_FILE = YES;
				INFOPLIST_FILE = "RxSwift-Pagination/Info.plist";
				INFOPLIST_KEY_UIApplicationSupportsIndirectInputEvents = YES;
				INFOPLIST_KEY_UILaunchStoryboardName = LaunchScreen;
				INFOPLIST_KEY_UIMainStoryboardFile = Main;
				INFOPLIST_KEY_UISupportedInterfaceOrientations_iPad = "UIInterfaceOrientationPortrait UIInterfaceOrientationPortraitUpsideDown UIInterfaceOrientationLandscapeLeft UIInterfaceOrientationLandscapeRight";
				INFOPLIST_KEY_UISupportedInterfaceOrientations_iPhone = "UIInterfaceOrientationPortrait UIInterfaceOrientationLandscapeLeft UIInterfaceOrientationLandscapeRight";
				LD_RUNPATH_SEARCH_PATHS = (
					"$(inherited)",
					"@executable_path/Frameworks",
				);
				MARKETING_VERSION = 1.0;
				PRODUCT_BUNDLE_IDENTIFIER = "com.iosmandroid.pagination.RxSwift-Pagination";
				PRODUCT_NAME = "$(TARGET_NAME)";
				SWIFT_EMIT_LOC_STRINGS = YES;
				SWIFT_VERSION = 5.0;
				TARGETED_DEVICE_FAMILY = "1,2";
			};
			name = Release;
		};
/* End XCBuildConfiguration section */

/* Begin XCConfigurationList section */
		A0F0D8252969741B006CE6AA /* Build configuration list for PBXProject "RxSwift-Pagination" */ = {
			isa = XCConfigurationList;
			buildConfigurations = (
				A0F0D83C2969741D006CE6AA /* Debug */,
				A0F0D83D2969741D006CE6AA /* Release */,
			);
			defaultConfigurationIsVisible = 0;
			defaultConfigurationName = Release;
		};
		A0F0D83E2969741D006CE6AA /* Build configuration list for PBXNativeTarget "RxSwift-Pagination" */ = {
			isa = XCConfigurationList;
			buildConfigurations = (
				A0F0D83F2969741D006CE6AA /* Debug */,
				A0F0D8402969741D006CE6AA /* Release */,
			);
			defaultConfigurationIsVisible = 0;
			defaultConfigurationName = Release;
		};
/* End XCConfigurationList section */
	};
	rootObject = A0F0D8222969741B006CE6AA /* Project object */;
}
